
Microsoft Visual Studio Solution File, Format Version 12.00
# Visual Studio Version 17
VisualStudioVersion = 17.13.35919.96
MinimumVisualStudioVersion = 10.0.40219.1
Project("{FAE04EC0-301F-11D3-BF4B-00C04F79EFBC}") = "VPM.Integration.Lauramac.AzureFunction", "VPM.Integration.Lauramac.AzureFunction\VPM.Integration.Lauramac.AzureFunction.csproj", "{6789B788-4406-48F1-9CFD-F01A679A54AE}"
EndProject
Project("{FAE04EC0-301F-11D3-BF4B-00C04F79EFBC}") = "VPM.Integration.Lauramac.AzureFunction.Tests", "VPM.Integration.Lauramac.AzureFunction.TestProject\VPM.Integration.Lauramac.AzureFunction.Tests.csproj", "{E58875B2-270A-4722-A624-5ABA42FD170F}"
EndProject
Global
	GlobalSection(SolutionConfigurationPlatforms) = preSolution
		Debug|Any CPU = Debug|Any CPU
		Release|Any CPU = Release|Any CPU
	EndGlobalSection
	GlobalSection(ProjectConfigurationPlatforms) = postSolution
		{6789B788-4406-48F1-9CFD-F01A679A54AE}.Debug|Any CPU.ActiveCfg = Debug|Any CPU
		{6789B788-4406-48F1-9CFD-F01A679A54AE}.Debug|Any CPU.Build.0 = Debug|Any CPU
		{6789B788-4406-48F1-9CFD-F01A679A54AE}.Release|Any CPU.ActiveCfg = Release|Any CPU
		{6789B788-4406-48F1-9CFD-F01A679A54AE}.Release|Any CPU.Build.0 = Release|Any CPU
		{E58875B2-270A-4722-A624-5ABA42FD170F}.Debug|Any CPU.ActiveCfg = Debug|Any CPU
		{E58875B2-270A-4722-A624-5ABA42FD170F}.Debug|Any CPU.Build.0 = Debug|Any CPU
		{E58875B2-270A-4722-A624-5ABA42FD170F}.Release|Any CPU.ActiveCfg = Release|Any CPU
		{E58875B2-270A-4722-A624-5ABA42FD170F}.Release|Any CPU.Build.0 = Release|Any CPU
	EndGlobalSection
	GlobalSection(SolutionProperties) = preSolution
		HideSolutionNode = FALSE
	EndGlobalSection
	GlobalSection(ExtensibilityGlobals) = postSolution
		SolutionGuid = {AA61B90D-C95E-49CC-B475-696B7DA34214}
	EndGlobalSection
EndGlobal
